// !$*UTF8*$!
{
	archiveVersion = 1;
	classes = {
	};
	objectVersion = 46;
	objects = {

/* Begin PBXBuildFile section */
		7623B8A11C67D7900090E6C8 /* AppDelegate.swift in Sources */ = {isa = PBXBuildFile; fileRef = 7623B8A01C67D7900090E6C8 /* AppDelegate.swift */; };
		7623B8A31C67D7900090E6C8 /* BrandDisplayViewController.swift in Sources */ = {isa = PBXBuildFile; fileRef = 7623B8A21C67D7900090E6C8 /* BrandDisplayViewController.swift */; };
		7623B8A61C67D7900090E6C8 /* Main.storyboard in Resources */ = {isa = PBXBuildFile; fileRef = 7623B8A41C67D7900090E6C8 /* Main.storyboard */; };
		7623B8A81C67D7900090E6C8 /* Assets.xcassets in Resources */ = {isa = PBXBuildFile; fileRef = 7623B8A71C67D7900090E6C8 /* Assets.xcassets */; };
		7623B8AB1C67D7900090E6C8 /* LaunchScreen.storyboard in Resources */ = {isa = PBXBuildFile; fileRef = 7623B8A91C67D7900090E6C8 /* LaunchScreen.storyboard */; };
		7623B8C11C67D7900090E6C8 /* FastlaneDemoUITests.swift in Sources */ = {isa = PBXBuildFile; fileRef = 7623B8C01C67D7900090E6C8 /* FastlaneDemoUITests.swift */; };
		765548021C7A40CB00942363 /* flickr.secret in Resources */ = {isa = PBXBuildFile; fileRef = 765548011C7A40CB00942363 /* flickr.secret */; };
		765548051C7BA75E00942363 /* flickr_brands.json in Resources */ = {isa = PBXBuildFile; fileRef = 765548041C7BA75E00942363 /* flickr_brands.json */; };
		765548061C7BA76500942363 /* flickr_brands.json in Resources */ = {isa = PBXBuildFile; fileRef = 765548041C7BA75E00942363 /* flickr_brands.json */; };
		7655480B1C7BA7B400942363 /* FlickrBrand.swift in Sources */ = {isa = PBXBuildFile; fileRef = 7655480A1C7BA7B400942363 /* FlickrBrand.swift */; };
		7655482A1C7CA70E00942363 /* flickr_brand_camera_acer.json in Resources */ = {isa = PBXBuildFile; fileRef = 7655480D1C7CA70E00942363 /* flickr_brand_camera_acer.json */; };
		7655482B1C7CA70E00942363 /* flickr_brand_camera_apple.json in Resources */ = {isa = PBXBuildFile; fileRef = 7655480E1C7CA70E00942363 /* flickr_brand_camera_apple.json */; };
		7655482C1C7CA70E00942363 /* flickr_brand_camera_benq.json in Resources */ = {isa = PBXBuildFile; fileRef = 7655480F1C7CA70E00942363 /* flickr_brand_camera_benq.json */; };
		7655482D1C7CA70E00942363 /* flickr_brand_camera_blackberry.json in Resources */ = {isa = PBXBuildFile; fileRef = 765548101C7CA70E00942363 /* flickr_brand_camera_blackberry.json */; };
		7655482E1C7CA70E00942363 /* flickr_brand_camera_canon.json in Resources */ = {isa = PBXBuildFile; fileRef = 765548111C7CA70E00942363 /* flickr_brand_camera_canon.json */; };
		7655482F1C7CA70E00942363 /* flickr_brand_camera_casio.json in Resources */ = {isa = PBXBuildFile; fileRef = 765548121C7CA70E00942363 /* flickr_brand_camera_casio.json */; };
		765548301C7CA70E00942363 /* flickr_brand_camera_concord.json in Resources */ = {isa = PBXBuildFile; fileRef = 765548131C7CA70E00942363 /* flickr_brand_camera_concord.json */; };
		765548311C7CA70E00942363 /* flickr_brand_camera_docomo.json in Resources */ = {isa = PBXBuildFile; fileRef = 765548141C7CA70E00942363 /* flickr_brand_camera_docomo.json */; };
		765548321C7CA70E00942363 /* flickr_brand_camera_epson.json in Resources */ = {isa = PBXBuildFile; fileRef = 765548151C7CA70E00942363 /* flickr_brand_camera_epson.json */; };
		765548331C7CA70E00942363 /* flickr_brand_camera_fujifilm.json in Resources */ = {isa = PBXBuildFile; fileRef = 765548161C7CA70E00942363 /* flickr_brand_camera_fujifilm.json */; };
		765548341C7CA70E00942363 /* flickr_brand_camera_google.json in Resources */ = {isa = PBXBuildFile; fileRef = 765548171C7CA70E00942363 /* flickr_brand_camera_google.json */; };
		765548351C7CA70E00942363 /* flickr_brand_camera_gopro.json in Resources */ = {isa = PBXBuildFile; fileRef = 765548181C7CA70E00942363 /* flickr_brand_camera_gopro.json */; };
		765548361C7CA70E00942363 /* flickr_brand_camera_helio.json in Resources */ = {isa = PBXBuildFile; fileRef = 765548191C7CA70E00942363 /* flickr_brand_camera_helio.json */; };
		765548371C7CA70E00942363 /* flickr_brand_camera_hp.json in Resources */ = {isa = PBXBuildFile; fileRef = 7655481A1C7CA70E00942363 /* flickr_brand_camera_hp.json */; };
		765548381C7CA70E00942363 /* flickr_brand_camera_htc.json in Resources */ = {isa = PBXBuildFile; fileRef = 7655481B1C7CA70E00942363 /* flickr_brand_camera_htc.json */; };
		765548391C7CA70E00942363 /* flickr_brand_camera_jvc.json in Resources */ = {isa = PBXBuildFile; fileRef = 7655481C1C7CA70E00942363 /* flickr_brand_camera_jvc.json */; };
		7655483A1C7CA70E00942363 /* flickr_brand_camera_kddi.json in Resources */ = {isa = PBXBuildFile; fileRef = 7655481D1C7CA70E00942363 /* flickr_brand_camera_kddi.json */; };
		7655483B1C7CA70E00942363 /* flickr_brand_camera_kodak.json in Resources */ = {isa = PBXBuildFile; fileRef = 7655481E1C7CA70E00942363 /* flickr_brand_camera_kodak.json */; };
		7655483C1C7CA70E00942363 /* flickr_brand_camera_kyocera.json in Resources */ = {isa = PBXBuildFile; fileRef = 7655481F1C7CA70E00942363 /* flickr_brand_camera_kyocera.json */; };
		7655483D1C7CA70E00942363 /* flickr_brand_camera_leaf.json in Resources */ = {isa = PBXBuildFile; fileRef = 765548201C7CA70E00942363 /* flickr_brand_camera_leaf.json */; };
		7655483E1C7CA70E00942363 /* flickr_brand_camera_leica.json in Resources */ = {isa = PBXBuildFile; fileRef = 765548211C7CA70E00942363 /* flickr_brand_camera_leica.json */; };
		7655483F1C7CA70E00942363 /* flickr_brand_camera_lg.json in Resources */ = {isa = PBXBuildFile; fileRef = 765548221C7CA70E00942363 /* flickr_brand_camera_lg.json */; };
		765548401C7CA70E00942363 /* flickr_brand_camera_minolta.json in Resources */ = {isa = PBXBuildFile; fileRef = 765548231C7CA70E00942363 /* flickr_brand_camera_minolta.json */; };
		765548411C7CA70E00942363 /* flickr_brand_camera_motorola.json in Resources */ = {isa = PBXBuildFile; fileRef = 765548241C7CA70E00942363 /* flickr_brand_camera_motorola.json */; };
		765548421C7CA70E00942363 /* flickr_brand_camera_nikon.json in Resources */ = {isa = PBXBuildFile; fileRef = 765548251C7CA70E00942363 /* flickr_brand_camera_nikon.json */; };
		765548431C7CA70E00942363 /* flickr_brand_camera_nintendo.json in Resources */ = {isa = PBXBuildFile; fileRef = 765548261C7CA70E00942363 /* flickr_brand_camera_nintendo.json */; };
		765548441C7CA70E00942363 /* flickr_brand_camera_nokia.json in Resources */ = {isa = PBXBuildFile; fileRef = 765548271C7CA70E00942363 /* flickr_brand_camera_nokia.json */; };
		765548451C7CA70E00942363 /* flickr_brand_camera_olympus.json in Resources */ = {isa = PBXBuildFile; fileRef = 765548281C7CA70E00942363 /* flickr_brand_camera_olympus.json */; };
		765548461C7CA70E00942363 /* flickr_brand_camera_palm.json in Resources */ = {isa = PBXBuildFile; fileRef = 765548291C7CA70E00942363 /* flickr_brand_camera_palm.json */; };
		765548481C7CA7C700942363 /* FlickrCamera.swift in Sources */ = {isa = PBXBuildFile; fileRef = 765548471C7CA7C700942363 /* FlickrCamera.swift */; };
		76AB225B1C8C9C83009A9569 /* InfoPlist.strings in Resources */ = {isa = PBXBuildFile; fileRef = 76AB225D1C8C9C83009A9569 /* InfoPlist.strings */; };
		76AB22601C8C9C84009A9569 /* InfoPlist.strings in Resources */ = {isa = PBXBuildFile; fileRef = 76AB22621C8C9C84009A9569 /* InfoPlist.strings */; };
		76AB22651C8C9C84009A9569 /* InfoPlist.strings in Resources */ = {isa = PBXBuildFile; fileRef = 76AB22671C8C9C84009A9569 /* InfoPlist.strings */; };
		76AB226A1C8C9EE4009A9569 /* Localizable.strings in Resources */ = {isa = PBXBuildFile; fileRef = 76AB226C1C8C9EE4009A9569 /* Localizable.strings */; };
		76AB60F01C7FEA86009BC4CA /* FlickrBrandTests.swift in Sources */ = {isa = PBXBuildFile; fileRef = 76AB60EF1C7FEA86009BC4CA /* FlickrBrandTests.swift */; };
		76AB60F11C7FEA9C009BC4CA /* FlickrBrand.swift in Sources */ = {isa = PBXBuildFile; fileRef = 7655480A1C7BA7B400942363 /* FlickrBrand.swift */; };
		76AB60F21C7FEAB9009BC4CA /* FlickrCamera.swift in Sources */ = {isa = PBXBuildFile; fileRef = 765548471C7CA7C700942363 /* FlickrCamera.swift */; };
		76AB60F41C809B84009BC4CA /* FlickrCameraTests.swift in Sources */ = {isa = PBXBuildFile; fileRef = 76AB60F31C809B84009BC4CA /* FlickrCameraTests.swift */; };
		76D19B961C81F0030065424A /* SwiftSpinner.swift in Sources */ = {isa = PBXBuildFile; fileRef = 76D19B951C81F0030065424A /* SwiftSpinner.swift */; };
		76D19B981C81F1130065424A /* CameraDisplayTableViewController.swift in Sources */ = {isa = PBXBuildFile; fileRef = 76D19B971C81F1130065424A /* CameraDisplayTableViewController.swift */; };
		76D19B9A1C81F1D20065424A /* GenericViewController.swift in Sources */ = {isa = PBXBuildFile; fileRef = 76D19B991C81F1D20065424A /* GenericViewController.swift */; };
		76D19B9C1C8210BB0065424A /* CameraDetailsViewController.swift in Sources */ = {isa = PBXBuildFile; fileRef = 76D19B9B1C8210BB0065424A /* CameraDetailsViewController.swift */; };
		76F653281C98F5F20009C95B /* SnapshotHelper.swift in Sources */ = {isa = PBXBuildFile; fileRef = 76F653271C98F5F20009C95B /* SnapshotHelper.swift */; };
/* End PBXBuildFile section */

/* Begin PBXContainerItemProxy section */
		7623B8B21C67D7900090E6C8 /* PBXContainerItemProxy */ = {
			isa = PBXContainerItemProxy;
			containerPortal = 7623B8951C67D7900090E6C8 /* Project object */;
			proxyType = 1;
			remoteGlobalIDString = 7623B89C1C67D7900090E6C8;
			remoteInfo = FastlaneDemo;
		};
		7623B8BD1C67D7900090E6C8 /* PBXContainerItemProxy */ = {
			isa = PBXContainerItemProxy;
			containerPortal = 7623B8951C67D7900090E6C8 /* Project object */;
			proxyType = 1;
			remoteGlobalIDString = 7623B89C1C67D7900090E6C8;
			remoteInfo = FastlaneDemo;
		};
/* End PBXContainerItemProxy section */

/* Begin PBXFileReference section */
		7623B89D1C67D7900090E6C8 /* FastlaneDemo.app */ = {isa = PBXFileReference; explicitFileType = wrapper.application; includeInIndex = 0; path = FastlaneDemo.app; sourceTree = BUILT_PRODUCTS_DIR; };
		7623B8A01C67D7900090E6C8 /* AppDelegate.swift */ = {isa = PBXFileReference; lastKnownFileType = sourcecode.swift; path = AppDelegate.swift; sourceTree = "<group>"; };
		7623B8A21C67D7900090E6C8 /* BrandDisplayViewController.swift */ = {isa = PBXFileReference; lastKnownFileType = sourcecode.swift; path = BrandDisplayViewController.swift; sourceTree = "<group>"; };
		7623B8A51C67D7900090E6C8 /* Base */ = {isa = PBXFileReference; lastKnownFileType = file.storyboard; name = Base; path = Base.lproj/Main.storyboard; sourceTree = "<group>"; };
		7623B8A71C67D7900090E6C8 /* Assets.xcassets */ = {isa = PBXFileReference; lastKnownFileType = folder.assetcatalog; path = Assets.xcassets; sourceTree = "<group>"; };
		7623B8AA1C67D7900090E6C8 /* Base */ = {isa = PBXFileReference; lastKnownFileType = file.storyboard; name = Base; path = Base.lproj/LaunchScreen.storyboard; sourceTree = "<group>"; };
		7623B8AC1C67D7900090E6C8 /* Info.plist */ = {isa = PBXFileReference; lastKnownFileType = text.plist.xml; path = Info.plist; sourceTree = "<group>"; };
		7623B8B11C67D7900090E6C8 /* FastlaneDemoTests.xctest */ = {isa = PBXFileReference; explicitFileType = wrapper.cfbundle; includeInIndex = 0; path = FastlaneDemoTests.xctest; sourceTree = BUILT_PRODUCTS_DIR; };
		7623B8B71C67D7900090E6C8 /* Info.plist */ = {isa = PBXFileReference; lastKnownFileType = text.plist.xml; path = Info.plist; sourceTree = "<group>"; };
		7623B8BC1C67D7900090E6C8 /* FastlaneDemoUITests.xctest */ = {isa = PBXFileReference; explicitFileType = wrapper.cfbundle; includeInIndex = 0; path = FastlaneDemoUITests.xctest; sourceTree = BUILT_PRODUCTS_DIR; };
		7623B8C01C67D7900090E6C8 /* FastlaneDemoUITests.swift */ = {isa = PBXFileReference; lastKnownFileType = sourcecode.swift; path = FastlaneDemoUITests.swift; sourceTree = "<group>"; };
		7623B8C21C67D7900090E6C8 /* Info.plist */ = {isa = PBXFileReference; lastKnownFileType = text.plist.xml; path = Info.plist; sourceTree = "<group>"; };
		765548011C7A40CB00942363 /* flickr.secret */ = {isa = PBXFileReference; fileEncoding = 4; lastKnownFileType = text; name = flickr.secret; path = secret/flickr.secret; sourceTree = "<group>"; };
		765548041C7BA75E00942363 /* flickr_brands.json */ = {isa = PBXFileReference; fileEncoding = 4; lastKnownFileType = text.json; path = flickr_brands.json; sourceTree = "<group>"; };
		7655480A1C7BA7B400942363 /* FlickrBrand.swift */ = {isa = PBXFileReference; fileEncoding = 4; lastKnownFileType = sourcecode.swift; path = FlickrBrand.swift; sourceTree = "<group>"; };
		7655480D1C7CA70E00942363 /* flickr_brand_camera_acer.json */ = {isa = PBXFileReference; fileEncoding = 4; lastKnownFileType = text.json; path = flickr_brand_camera_acer.json; sourceTree = "<group>"; };
		7655480E1C7CA70E00942363 /* flickr_brand_camera_apple.json */ = {isa = PBXFileReference; fileEncoding = 4; lastKnownFileType = text.json; path = flickr_brand_camera_apple.json; sourceTree = "<group>"; };
		7655480F1C7CA70E00942363 /* flickr_brand_camera_benq.json */ = {isa = PBXFileReference; fileEncoding = 4; lastKnownFileType = text.json; path = flickr_brand_camera_benq.json; sourceTree = "<group>"; };
		765548101C7CA70E00942363 /* flickr_brand_camera_blackberry.json */ = {isa = PBXFileReference; fileEncoding = 4; lastKnownFileType = text.json; path = flickr_brand_camera_blackberry.json; sourceTree = "<group>"; };
		765548111C7CA70E00942363 /* flickr_brand_camera_canon.json */ = {isa = PBXFileReference; fileEncoding = 4; lastKnownFileType = text.json; path = flickr_brand_camera_canon.json; sourceTree = "<group>"; };
		765548121C7CA70E00942363 /* flickr_brand_camera_casio.json */ = {isa = PBXFileReference; fileEncoding = 4; lastKnownFileType = text.json; path = flickr_brand_camera_casio.json; sourceTree = "<group>"; };
		765548131C7CA70E00942363 /* flickr_brand_camera_concord.json */ = {isa = PBXFileReference; fileEncoding = 4; lastKnownFileType = text.json; path = flickr_brand_camera_concord.json; sourceTree = "<group>"; };
		765548141C7CA70E00942363 /* flickr_brand_camera_docomo.json */ = {isa = PBXFileReference; fileEncoding = 4; lastKnownFileType = text.json; path = flickr_brand_camera_docomo.json; sourceTree = "<group>"; };
		765548151C7CA70E00942363 /* flickr_brand_camera_epson.json */ = {isa = PBXFileReference; fileEncoding = 4; lastKnownFileType = text.json; path = flickr_brand_camera_epson.json; sourceTree = "<group>"; };
		765548161C7CA70E00942363 /* flickr_brand_camera_fujifilm.json */ = {isa = PBXFileReference; fileEncoding = 4; lastKnownFileType = text.json; path = flickr_brand_camera_fujifilm.json; sourceTree = "<group>"; };
		765548171C7CA70E00942363 /* flickr_brand_camera_google.json */ = {isa = PBXFileReference; fileEncoding = 4; lastKnownFileType = text.json; path = flickr_brand_camera_google.json; sourceTree = "<group>"; };
		765548181C7CA70E00942363 /* flickr_brand_camera_gopro.json */ = {isa = PBXFileReference; fileEncoding = 4; lastKnownFileType = text.json; path = flickr_brand_camera_gopro.json; sourceTree = "<group>"; };
		765548191C7CA70E00942363 /* flickr_brand_camera_helio.json */ = {isa = PBXFileReference; fileEncoding = 4; lastKnownFileType = text.json; path = flickr_brand_camera_helio.json; sourceTree = "<group>"; };
		7655481A1C7CA70E00942363 /* flickr_brand_camera_hp.json */ = {isa = PBXFileReference; fileEncoding = 4; lastKnownFileType = text.json; path = flickr_brand_camera_hp.json; sourceTree = "<group>"; };
		7655481B1C7CA70E00942363 /* flickr_brand_camera_htc.json */ = {isa = PBXFileReference; fileEncoding = 4; lastKnownFileType = text.json; path = flickr_brand_camera_htc.json; sourceTree = "<group>"; };
		7655481C1C7CA70E00942363 /* flickr_brand_camera_jvc.json */ = {isa = PBXFileReference; fileEncoding = 4; lastKnownFileType = text.json; path = flickr_brand_camera_jvc.json; sourceTree = "<group>"; };
		7655481D1C7CA70E00942363 /* flickr_brand_camera_kddi.json */ = {isa = PBXFileReference; fileEncoding = 4; lastKnownFileType = text.json; path = flickr_brand_camera_kddi.json; sourceTree = "<group>"; };
		7655481E1C7CA70E00942363 /* flickr_brand_camera_kodak.json */ = {isa = PBXFileReference; fileEncoding = 4; lastKnownFileType = text.json; path = flickr_brand_camera_kodak.json; sourceTree = "<group>"; };
		7655481F1C7CA70E00942363 /* flickr_brand_camera_kyocera.json */ = {isa = PBXFileReference; fileEncoding = 4; lastKnownFileType = text.json; path = flickr_brand_camera_kyocera.json; sourceTree = "<group>"; };
		765548201C7CA70E00942363 /* flickr_brand_camera_leaf.json */ = {isa = PBXFileReference; fileEncoding = 4; lastKnownFileType = text.json; path = flickr_brand_camera_leaf.json; sourceTree = "<group>"; };
		765548211C7CA70E00942363 /* flickr_brand_camera_leica.json */ = {isa = PBXFileReference; fileEncoding = 4; lastKnownFileType = text.json; path = flickr_brand_camera_leica.json; sourceTree = "<group>"; };
		765548221C7CA70E00942363 /* flickr_brand_camera_lg.json */ = {isa = PBXFileReference; fileEncoding = 4; lastKnownFileType = text.json; path = flickr_brand_camera_lg.json; sourceTree = "<group>"; };
		765548231C7CA70E00942363 /* flickr_brand_camera_minolta.json */ = {isa = PBXFileReference; fileEncoding = 4; lastKnownFileType = text.json; path = flickr_brand_camera_minolta.json; sourceTree = "<group>"; };
		765548241C7CA70E00942363 /* flickr_brand_camera_motorola.json */ = {isa = PBXFileReference; fileEncoding = 4; lastKnownFileType = text.json; path = flickr_brand_camera_motorola.json; sourceTree = "<group>"; };
		765548251C7CA70E00942363 /* flickr_brand_camera_nikon.json */ = {isa = PBXFileReference; fileEncoding = 4; lastKnownFileType = text.json; path = flickr_brand_camera_nikon.json; sourceTree = "<group>"; };
		765548261C7CA70E00942363 /* flickr_brand_camera_nintendo.json */ = {isa = PBXFileReference; fileEncoding = 4; lastKnownFileType = text.json; path = flickr_brand_camera_nintendo.json; sourceTree = "<group>"; };
		765548271C7CA70E00942363 /* flickr_brand_camera_nokia.json */ = {isa = PBXFileReference; fileEncoding = 4; lastKnownFileType = text.json; path = flickr_brand_camera_nokia.json; sourceTree = "<group>"; };
		765548281C7CA70E00942363 /* flickr_brand_camera_olympus.json */ = {isa = PBXFileReference; fileEncoding = 4; lastKnownFileType = text.json; path = flickr_brand_camera_olympus.json; sourceTree = "<group>"; };
		765548291C7CA70E00942363 /* flickr_brand_camera_palm.json */ = {isa = PBXFileReference; fileEncoding = 4; lastKnownFileType = text.json; path = flickr_brand_camera_palm.json; sourceTree = "<group>"; };
		765548471C7CA7C700942363 /* FlickrCamera.swift */ = {isa = PBXFileReference; fileEncoding = 4; lastKnownFileType = sourcecode.swift; path = FlickrCamera.swift; sourceTree = "<group>"; };
		76AB22571C8C9A91009A9569 /* es */ = {isa = PBXFileReference; lastKnownFileType = text.plist.strings; name = es; path = es.lproj/Main.strings; sourceTree = "<group>"; };
		76AB22581C8C9A91009A9569 /* es */ = {isa = PBXFileReference; lastKnownFileType = text.plist.strings; name = es; path = es.lproj/LaunchScreen.strings; sourceTree = "<group>"; };
		76AB225C1C8C9C83009A9569 /* es */ = {isa = PBXFileReference; lastKnownFileType = text.plist.strings; name = es; path = es.lproj/InfoPlist.strings; sourceTree = "<group>"; };
		76AB22611C8C9C84009A9569 /* es */ = {isa = PBXFileReference; lastKnownFileType = text.plist.strings; name = es; path = es.lproj/InfoPlist.strings; sourceTree = "<group>"; };
		76AB22661C8C9C84009A9569 /* es */ = {isa = PBXFileReference; lastKnownFileType = text.plist.strings; name = es; path = es.lproj/InfoPlist.strings; sourceTree = "<group>"; };
		76AB226B1C8C9EE4009A9569 /* es */ = {isa = PBXFileReference; lastKnownFileType = text.plist.strings; name = es; path = es.lproj/Localizable.strings; sourceTree = "<group>"; };
		76AB60EC1C7FE969009BC4CA /* FastlaneDemoTests-Bridging-Header.h */ = {isa = PBXFileReference; lastKnownFileType = sourcecode.c.h; path = "FastlaneDemoTests-Bridging-Header.h"; sourceTree = SOURCE_ROOT; };
		76AB60EF1C7FEA86009BC4CA /* FlickrBrandTests.swift */ = {isa = PBXFileReference; fileEncoding = 4; lastKnownFileType = sourcecode.swift; path = FlickrBrandTests.swift; sourceTree = "<group>"; };
		76AB60F31C809B84009BC4CA /* FlickrCameraTests.swift */ = {isa = PBXFileReference; fileEncoding = 4; lastKnownFileType = sourcecode.swift; path = FlickrCameraTests.swift; sourceTree = "<group>"; };
		76D19B951C81F0030065424A /* SwiftSpinner.swift */ = {isa = PBXFileReference; fileEncoding = 4; lastKnownFileType = sourcecode.swift; path = SwiftSpinner.swift; sourceTree = "<group>"; };
		76D19B971C81F1130065424A /* CameraDisplayTableViewController.swift */ = {isa = PBXFileReference; fileEncoding = 4; lastKnownFileType = sourcecode.swift; path = CameraDisplayTableViewController.swift; sourceTree = "<group>"; };
		76D19B991C81F1D20065424A /* GenericViewController.swift */ = {isa = PBXFileReference; fileEncoding = 4; lastKnownFileType = sourcecode.swift; path = GenericViewController.swift; sourceTree = "<group>"; };
		76D19B9B1C8210BB0065424A /* CameraDetailsViewController.swift */ = {isa = PBXFileReference; fileEncoding = 4; lastKnownFileType = sourcecode.swift; path = CameraDetailsViewController.swift; sourceTree = "<group>"; };
		76F653271C98F5F20009C95B /* SnapshotHelper.swift */ = {isa = PBXFileReference; fileEncoding = 4; lastKnownFileType = sourcecode.swift; path = SnapshotHelper.swift; sourceTree = "<group>"; };
/* End PBXFileReference section */

/* Begin PBXFrameworksBuildPhase section */
		7623B89A1C67D7900090E6C8 /* Frameworks */ = {
			isa = PBXFrameworksBuildPhase;
			buildActionMask = 2147483647;
			files = (
			);
			runOnlyForDeploymentPostprocessing = 0;
		};
		7623B8AE1C67D7900090E6C8 /* Frameworks */ = {
			isa = PBXFrameworksBuildPhase;
			buildActionMask = 2147483647;
			files = (
			);
			runOnlyForDeploymentPostprocessing = 0;
		};
		7623B8B91C67D7900090E6C8 /* Frameworks */ = {
			isa = PBXFrameworksBuildPhase;
			buildActionMask = 2147483647;
			files = (
			);
			runOnlyForDeploymentPostprocessing = 0;
		};
/* End PBXFrameworksBuildPhase section */

/* Begin PBXGroup section */
		7623B8941C67D7900090E6C8 = {
			isa = PBXGroup;
			children = (
				7623B89F1C67D7900090E6C8 /* FastlaneDemo */,
				7623B8B41C67D7900090E6C8 /* FastlaneDemoTests */,
				7623B8BF1C67D7900090E6C8 /* FastlaneDemoUITests */,
				7623B89E1C67D7900090E6C8 /* Products */,
			);
			sourceTree = "<group>";
		};
		7623B89E1C67D7900090E6C8 /* Products */ = {
			isa = PBXGroup;
			children = (
				7623B89D1C67D7900090E6C8 /* FastlaneDemo.app */,
				7623B8B11C67D7900090E6C8 /* FastlaneDemoTests.xctest */,
				7623B8BC1C67D7900090E6C8 /* FastlaneDemoUITests.xctest */,
			);
			name = Products;
			sourceTree = "<group>";
		};
		7623B89F1C67D7900090E6C8 /* FastlaneDemo */ = {
			isa = PBXGroup;
			children = (
				7623B8A01C67D7900090E6C8 /* AppDelegate.swift */,
				765548091C7BA78300942363 /* View */,
				765548081C7BA77D00942363 /* View Controller */,
				765548071C7BA77800942363 /* Model */,
				765548031C7A40D200942363 /* supporting files */,
				7623B8A71C67D7900090E6C8 /* Assets.xcassets */,
				7623B8A91C67D7900090E6C8 /* LaunchScreen.storyboard */,
				7623B8AC1C67D7900090E6C8 /* Info.plist */,
			);
			path = FastlaneDemo;
			sourceTree = "<group>";
		};
		7623B8B41C67D7900090E6C8 /* FastlaneDemoTests */ = {
			isa = PBXGroup;
			children = (
				76AB22621C8C9C84009A9569 /* InfoPlist.strings */,
				76AB60EC1C7FE969009BC4CA /* FastlaneDemoTests-Bridging-Header.h */,
				76AB60EF1C7FEA86009BC4CA /* FlickrBrandTests.swift */,
				76AB60F31C809B84009BC4CA /* FlickrCameraTests.swift */,
				7623B8B71C67D7900090E6C8 /* Info.plist */,
			);
			path = FastlaneDemoTests;
			sourceTree = "<group>";
		};
		7623B8BF1C67D7900090E6C8 /* FastlaneDemoUITests */ = {
			isa = PBXGroup;
			children = (
				76F653271C98F5F20009C95B /* SnapshotHelper.swift */,
				76AB22671C8C9C84009A9569 /* InfoPlist.strings */,
				7623B8C01C67D7900090E6C8 /* FastlaneDemoUITests.swift */,
				7623B8C21C67D7900090E6C8 /* Info.plist */,
			);
			path = FastlaneDemoUITests;
			sourceTree = "<group>";
		};
		765548031C7A40D200942363 /* supporting files */ = {
			isa = PBXGroup;
			children = (
				76AB225D1C8C9C83009A9569 /* InfoPlist.strings */,
				76AB226C1C8C9EE4009A9569 /* Localizable.strings */,
				76D19B951C81F0030065424A /* SwiftSpinner.swift */,
				7655480C1C7CA6F300942363 /* Cameras */,
				765548041C7BA75E00942363 /* flickr_brands.json */,
				765548011C7A40CB00942363 /* flickr.secret */,
			);
			name = "supporting files";
			sourceTree = "<group>";
		};
		765548071C7BA77800942363 /* Model */ = {
			isa = PBXGroup;
			children = (
				7655480A1C7BA7B400942363 /* FlickrBrand.swift */,
				765548471C7CA7C700942363 /* FlickrCamera.swift */,
			);
			name = Model;
			sourceTree = "<group>";
		};
		765548081C7BA77D00942363 /* View Controller */ = {
			isa = PBXGroup;
			children = (
				7623B8A21C67D7900090E6C8 /* BrandDisplayViewController.swift */,
				76D19B971C81F1130065424A /* CameraDisplayTableViewController.swift */,
				76D19B9B1C8210BB0065424A /* CameraDetailsViewController.swift */,
				76D19B991C81F1D20065424A /* GenericViewController.swift */,
			);
			name = "View Controller";
			sourceTree = "<group>";
		};
		765548091C7BA78300942363 /* View */ = {
			isa = PBXGroup;
			children = (
				7623B8A41C67D7900090E6C8 /* Main.storyboard */,
			);
			name = View;
			sourceTree = "<group>";
		};
		7655480C1C7CA6F300942363 /* Cameras */ = {
			isa = PBXGroup;
			children = (
				7655480D1C7CA70E00942363 /* flickr_brand_camera_acer.json */,
				7655480E1C7CA70E00942363 /* flickr_brand_camera_apple.json */,
				7655480F1C7CA70E00942363 /* flickr_brand_camera_benq.json */,
				765548101C7CA70E00942363 /* flickr_brand_camera_blackberry.json */,
				765548111C7CA70E00942363 /* flickr_brand_camera_canon.json */,
				765548121C7CA70E00942363 /* flickr_brand_camera_casio.json */,
				765548131C7CA70E00942363 /* flickr_brand_camera_concord.json */,
				765548141C7CA70E00942363 /* flickr_brand_camera_docomo.json */,
				765548151C7CA70E00942363 /* flickr_brand_camera_epson.json */,
				765548161C7CA70E00942363 /* flickr_brand_camera_fujifilm.json */,
				765548171C7CA70E00942363 /* flickr_brand_camera_google.json */,
				765548181C7CA70E00942363 /* flickr_brand_camera_gopro.json */,
				765548191C7CA70E00942363 /* flickr_brand_camera_helio.json */,
				7655481A1C7CA70E00942363 /* flickr_brand_camera_hp.json */,
				7655481B1C7CA70E00942363 /* flickr_brand_camera_htc.json */,
				7655481C1C7CA70E00942363 /* flickr_brand_camera_jvc.json */,
				7655481D1C7CA70E00942363 /* flickr_brand_camera_kddi.json */,
				7655481E1C7CA70E00942363 /* flickr_brand_camera_kodak.json */,
				7655481F1C7CA70E00942363 /* flickr_brand_camera_kyocera.json */,
				765548201C7CA70E00942363 /* flickr_brand_camera_leaf.json */,
				765548211C7CA70E00942363 /* flickr_brand_camera_leica.json */,
				765548221C7CA70E00942363 /* flickr_brand_camera_lg.json */,
				765548231C7CA70E00942363 /* flickr_brand_camera_minolta.json */,
				765548241C7CA70E00942363 /* flickr_brand_camera_motorola.json */,
				765548251C7CA70E00942363 /* flickr_brand_camera_nikon.json */,
				765548261C7CA70E00942363 /* flickr_brand_camera_nintendo.json */,
				765548271C7CA70E00942363 /* flickr_brand_camera_nokia.json */,
				765548281C7CA70E00942363 /* flickr_brand_camera_olympus.json */,
				765548291C7CA70E00942363 /* flickr_brand_camera_palm.json */,
			);
			name = Cameras;
			sourceTree = "<group>";
		};
/* End PBXGroup section */

/* Begin PBXNativeTarget section */
		7623B89C1C67D7900090E6C8 /* FastlaneDemo */ = {
			isa = PBXNativeTarget;
			buildConfigurationList = 7623B8C51C67D7900090E6C8 /* Build configuration list for PBXNativeTarget "FastlaneDemo" */;
			buildPhases = (
				7623B8991C67D7900090E6C8 /* Sources */,
				7623B89A1C67D7900090E6C8 /* Frameworks */,
				7623B89B1C67D7900090E6C8 /* Resources */,
			);
			buildRules = (
			);
			dependencies = (
			);
			name = FastlaneDemo;
			productName = FastlaneDemo;
			productReference = 7623B89D1C67D7900090E6C8 /* FastlaneDemo.app */;
			productType = "com.apple.product-type.application";
		};
		7623B8B01C67D7900090E6C8 /* FastlaneDemoTests */ = {
			isa = PBXNativeTarget;
			buildConfigurationList = 7623B8C81C67D7900090E6C8 /* Build configuration list for PBXNativeTarget "FastlaneDemoTests" */;
			buildPhases = (
				7623B8AD1C67D7900090E6C8 /* Sources */,
				7623B8AE1C67D7900090E6C8 /* Frameworks */,
				7623B8AF1C67D7900090E6C8 /* Resources */,
			);
			buildRules = (
			);
			dependencies = (
				7623B8B31C67D7900090E6C8 /* PBXTargetDependency */,
			);
			name = FastlaneDemoTests;
			productName = FastlaneDemoTests;
			productReference = 7623B8B11C67D7900090E6C8 /* FastlaneDemoTests.xctest */;
			productType = "com.apple.product-type.bundle.unit-test";
		};
		7623B8BB1C67D7900090E6C8 /* FastlaneDemoUITests */ = {
			isa = PBXNativeTarget;
			buildConfigurationList = 7623B8CB1C67D7900090E6C8 /* Build configuration list for PBXNativeTarget "FastlaneDemoUITests" */;
			buildPhases = (
				7623B8B81C67D7900090E6C8 /* Sources */,
				7623B8B91C67D7900090E6C8 /* Frameworks */,
				7623B8BA1C67D7900090E6C8 /* Resources */,
			);
			buildRules = (
			);
			dependencies = (
				7623B8BE1C67D7900090E6C8 /* PBXTargetDependency */,
			);
			name = FastlaneDemoUITests;
			productName = FastlaneDemoUITests;
			productReference = 7623B8BC1C67D7900090E6C8 /* FastlaneDemoUITests.xctest */;
			productType = "com.apple.product-type.bundle.ui-testing";
		};
/* End PBXNativeTarget section */

/* Begin PBXProject section */
		7623B8951C67D7900090E6C8 /* Project object */ = {
			isa = PBXProject;
			attributes = {
				LastSwiftUpdateCheck = 0720;
				LastUpgradeCheck = 0720;
				ORGANIZATIONNAME = SushiGrass;
				TargetAttributes = {
					7623B89C1C67D7900090E6C8 = {
						CreatedOnToolsVersion = 7.2.1;
					};
					7623B8B01C67D7900090E6C8 = {
						CreatedOnToolsVersion = 7.2.1;
						TestTargetID = 7623B89C1C67D7900090E6C8;
					};
					7623B8BB1C67D7900090E6C8 = {
						CreatedOnToolsVersion = 7.2.1;
						TestTargetID = 7623B89C1C67D7900090E6C8;
					};
				};
			};
			buildConfigurationList = 7623B8981C67D7900090E6C8 /* Build configuration list for PBXProject "FastlaneDemo" */;
			compatibilityVersion = "Xcode 3.2";
			developmentRegion = English;
			hasScannedForEncodings = 0;
			knownRegions = (
				en,
				Base,
			);
			mainGroup = 7623B8941C67D7900090E6C8;
			productRefGroup = 7623B89E1C67D7900090E6C8 /* Products */;
			projectDirPath = "";
			projectRoot = "";
			targets = (
				7623B89C1C67D7900090E6C8 /* FastlaneDemo */,
				7623B8B01C67D7900090E6C8 /* FastlaneDemoTests */,
				7623B8BB1C67D7900090E6C8 /* FastlaneDemoUITests */,
			);
		};
/* End PBXProject section */

/* Begin PBXResourcesBuildPhase section */
		7623B89B1C67D7900090E6C8 /* Resources */ = {
			isa = PBXResourcesBuildPhase;
			buildActionMask = 2147483647;
			files = (
				765548441C7CA70E00942363 /* flickr_brand_camera_nokia.json in Resources */,
				7655482A1C7CA70E00942363 /* flickr_brand_camera_acer.json in Resources */,
				765548351C7CA70E00942363 /* flickr_brand_camera_gopro.json in Resources */,
				765548021C7A40CB00942363 /* flickr.secret in Resources */,
				765548381C7CA70E00942363 /* flickr_brand_camera_htc.json in Resources */,
				765548451C7CA70E00942363 /* flickr_brand_camera_olympus.json in Resources */,
				765548431C7CA70E00942363 /* flickr_brand_camera_nintendo.json in Resources */,
				765548401C7CA70E00942363 /* flickr_brand_camera_minolta.json in Resources */,
				7655483C1C7CA70E00942363 /* flickr_brand_camera_kyocera.json in Resources */,
				7623B8AB1C67D7900090E6C8 /* LaunchScreen.storyboard in Resources */,
				765548321C7CA70E00942363 /* flickr_brand_camera_epson.json in Resources */,
				765548391C7CA70E00942363 /* flickr_brand_camera_jvc.json in Resources */,
				7655483E1C7CA70E00942363 /* flickr_brand_camera_leica.json in Resources */,
				76AB226A1C8C9EE4009A9569 /* Localizable.strings in Resources */,
				7655482D1C7CA70E00942363 /* flickr_brand_camera_blackberry.json in Resources */,
				765548371C7CA70E00942363 /* flickr_brand_camera_hp.json in Resources */,
				765548331C7CA70E00942363 /* flickr_brand_camera_fujifilm.json in Resources */,
				7655482C1C7CA70E00942363 /* flickr_brand_camera_benq.json in Resources */,
				7655482E1C7CA70E00942363 /* flickr_brand_camera_canon.json in Resources */,
				7655482F1C7CA70E00942363 /* flickr_brand_camera_casio.json in Resources */,
				765548461C7CA70E00942363 /* flickr_brand_camera_palm.json in Resources */,
				765548411C7CA70E00942363 /* flickr_brand_camera_motorola.json in Resources */,
				7623B8A81C67D7900090E6C8 /* Assets.xcassets in Resources */,
				765548301C7CA70E00942363 /* flickr_brand_camera_concord.json in Resources */,
				765548051C7BA75E00942363 /* flickr_brands.json in Resources */,
				7655483B1C7CA70E00942363 /* flickr_brand_camera_kodak.json in Resources */,
				765548341C7CA70E00942363 /* flickr_brand_camera_google.json in Resources */,
				7655483D1C7CA70E00942363 /* flickr_brand_camera_leaf.json in Resources */,
				7655483F1C7CA70E00942363 /* flickr_brand_camera_lg.json in Resources */,
				7655483A1C7CA70E00942363 /* flickr_brand_camera_kddi.json in Resources */,
				76AB225B1C8C9C83009A9569 /* InfoPlist.strings in Resources */,
				765548421C7CA70E00942363 /* flickr_brand_camera_nikon.json in Resources */,
				765548311C7CA70E00942363 /* flickr_brand_camera_docomo.json in Resources */,
				7655482B1C7CA70E00942363 /* flickr_brand_camera_apple.json in Resources */,
				7623B8A61C67D7900090E6C8 /* Main.storyboard in Resources */,
				765548361C7CA70E00942363 /* flickr_brand_camera_helio.json in Resources */,
			);
			runOnlyForDeploymentPostprocessing = 0;
		};
		7623B8AF1C67D7900090E6C8 /* Resources */ = {
			isa = PBXResourcesBuildPhase;
			buildActionMask = 2147483647;
			files = (
				765548061C7BA76500942363 /* flickr_brands.json in Resources */,
				76AB22601C8C9C84009A9569 /* InfoPlist.strings in Resources */,
			);
			runOnlyForDeploymentPostprocessing = 0;
		};
		7623B8BA1C67D7900090E6C8 /* Resources */ = {
			isa = PBXResourcesBuildPhase;
			buildActionMask = 2147483647;
			files = (
				76AB22651C8C9C84009A9569 /* InfoPlist.strings in Resources */,
			);
			runOnlyForDeploymentPostprocessing = 0;
		};
/* End PBXResourcesBuildPhase section */

/* Begin PBXSourcesBuildPhase section */
		7623B8991C67D7900090E6C8 /* Sources */ = {
			isa = PBXSourcesBuildPhase;
			buildActionMask = 2147483647;
			files = (
				76D19B961C81F0030065424A /* SwiftSpinner.swift in Sources */,
				76D19B981C81F1130065424A /* CameraDisplayTableViewController.swift in Sources */,
				76D19B9A1C81F1D20065424A /* GenericViewController.swift in Sources */,
				7623B8A31C67D7900090E6C8 /* BrandDisplayViewController.swift in Sources */,
				765548481C7CA7C700942363 /* FlickrCamera.swift in Sources */,
				7623B8A11C67D7900090E6C8 /* AppDelegate.swift in Sources */,
				76D19B9C1C8210BB0065424A /* CameraDetailsViewController.swift in Sources */,
				7655480B1C7BA7B400942363 /* FlickrBrand.swift in Sources */,
			);
			runOnlyForDeploymentPostprocessing = 0;
		};
		7623B8AD1C67D7900090E6C8 /* Sources */ = {
			isa = PBXSourcesBuildPhase;
			buildActionMask = 2147483647;
			files = (
				76AB60F11C7FEA9C009BC4CA /* FlickrBrand.swift in Sources */,
				76AB60F41C809B84009BC4CA /* FlickrCameraTests.swift in Sources */,
				76AB60F21C7FEAB9009BC4CA /* FlickrCamera.swift in Sources */,
				76AB60F01C7FEA86009BC4CA /* FlickrBrandTests.swift in Sources */,
			);
			runOnlyForDeploymentPostprocessing = 0;
		};
		7623B8B81C67D7900090E6C8 /* Sources */ = {
			isa = PBXSourcesBuildPhase;
			buildActionMask = 2147483647;
			files = (
				7623B8C11C67D7900090E6C8 /* FastlaneDemoUITests.swift in Sources */,
				76F653281C98F5F20009C95B /* SnapshotHelper.swift in Sources */,
			);
			runOnlyForDeploymentPostprocessing = 0;
		};
/* End PBXSourcesBuildPhase section */

/* Begin PBXTargetDependency section */
		7623B8B31C67D7900090E6C8 /* PBXTargetDependency */ = {
			isa = PBXTargetDependency;
			target = 7623B89C1C67D7900090E6C8 /* FastlaneDemo */;
			targetProxy = 7623B8B21C67D7900090E6C8 /* PBXContainerItemProxy */;
		};
		7623B8BE1C67D7900090E6C8 /* PBXTargetDependency */ = {
			isa = PBXTargetDependency;
			target = 7623B89C1C67D7900090E6C8 /* FastlaneDemo */;
			targetProxy = 7623B8BD1C67D7900090E6C8 /* PBXContainerItemProxy */;
		};
/* End PBXTargetDependency section */

/* Begin PBXVariantGroup section */
		7623B8A41C67D7900090E6C8 /* Main.storyboard */ = {
			isa = PBXVariantGroup;
			children = (
				7623B8A51C67D7900090E6C8 /* Base */,
				76AB22571C8C9A91009A9569 /* es */,
			);
			name = Main.storyboard;
			sourceTree = "<group>";
		};
		7623B8A91C67D7900090E6C8 /* LaunchScreen.storyboard */ = {
			isa = PBXVariantGroup;
			children = (
				7623B8AA1C67D7900090E6C8 /* Base */,
				76AB22581C8C9A91009A9569 /* es */,
			);
			name = LaunchScreen.storyboard;
			sourceTree = "<group>";
		};
		76AB225D1C8C9C83009A9569 /* InfoPlist.strings */ = {
			isa = PBXVariantGroup;
			children = (
				76AB225C1C8C9C83009A9569 /* es */,
			);
			name = InfoPlist.strings;
			sourceTree = "<group>";
		};
		76AB22621C8C9C84009A9569 /* InfoPlist.strings */ = {
			isa = PBXVariantGroup;
			children = (
				76AB22611C8C9C84009A9569 /* es */,
			);
			name = InfoPlist.strings;
			sourceTree = "<group>";
		};
		76AB22671C8C9C84009A9569 /* InfoPlist.strings */ = {
			isa = PBXVariantGroup;
			children = (
				76AB22661C8C9C84009A9569 /* es */,
			);
			name = InfoPlist.strings;
			sourceTree = "<group>";
		};
		76AB226C1C8C9EE4009A9569 /* Localizable.strings */ = {
			isa = PBXVariantGroup;
			children = (
				76AB226B1C8C9EE4009A9569 /* es */,
			);
			name = Localizable.strings;
			sourceTree = "<group>";
		};
/* End PBXVariantGroup section */

/* Begin XCBuildConfiguration section */
		7623B8C31C67D7900090E6C8 /* Debug */ = {
			isa = XCBuildConfiguration;
			buildSettings = {
				ALWAYS_SEARCH_USER_PATHS = NO;
				CLANG_CXX_LANGUAGE_STANDARD = "gnu++0x";
				CLANG_CXX_LIBRARY = "libc++";
				CLANG_ENABLE_MODULES = YES;
				CLANG_ENABLE_OBJC_ARC = YES;
				CLANG_WARN_BOOL_CONVERSION = YES;
				CLANG_WARN_CONSTANT_CONVERSION = YES;
				CLANG_WARN_DIRECT_OBJC_ISA_USAGE = YES_ERROR;
				CLANG_WARN_EMPTY_BODY = YES;
				CLANG_WARN_ENUM_CONVERSION = YES;
				CLANG_WARN_INT_CONVERSION = YES;
				CLANG_WARN_OBJC_ROOT_CLASS = YES_ERROR;
				CLANG_WARN_UNREACHABLE_CODE = YES;
				CLANG_WARN__DUPLICATE_METHOD_MATCH = YES;
				"CODE_SIGN_IDENTITY[sdk=iphoneos*]" = "iPhone Developer";
				COPY_PHASE_STRIP = NO;
				DEBUG_INFORMATION_FORMAT = dwarf;
				ENABLE_BITCODE = NO;
				ENABLE_STRICT_OBJC_MSGSEND = YES;
				ENABLE_TESTABILITY = YES;
				GCC_C_LANGUAGE_STANDARD = gnu99;
				GCC_DYNAMIC_NO_PIC = NO;
				GCC_NO_COMMON_BLOCKS = YES;
				GCC_OPTIMIZATION_LEVEL = 0;
				GCC_PREPROCESSOR_DEFINITIONS = (
					"DEBUG=1",
					"$(inherited)",
				);
				GCC_WARN_64_TO_32_BIT_CONVERSION = YES;
				GCC_WARN_ABOUT_RETURN_TYPE = YES_ERROR;
				GCC_WARN_UNDECLARED_SELECTOR = YES;
				GCC_WARN_UNINITIALIZED_AUTOS = YES_AGGRESSIVE;
				GCC_WARN_UNUSED_FUNCTION = YES;
				GCC_WARN_UNUSED_VARIABLE = YES;
				IPHONEOS_DEPLOYMENT_TARGET = 9.2;
				MTL_ENABLE_DEBUG_INFO = YES;
				ONLY_ACTIVE_ARCH = YES;
				SDKROOT = iphoneos;
				SWIFT_OPTIMIZATION_LEVEL = "-Onone";
				TARGETED_DEVICE_FAMILY = "1,2";
			};
			name = Debug;
		};
		7623B8C41C67D7900090E6C8 /* Release */ = {
			isa = XCBuildConfiguration;
			buildSettings = {
				ALWAYS_SEARCH_USER_PATHS = NO;
				CLANG_CXX_LANGUAGE_STANDARD = "gnu++0x";
				CLANG_CXX_LIBRARY = "libc++";
				CLANG_ENABLE_MODULES = YES;
				CLANG_ENABLE_OBJC_ARC = YES;
				CLANG_WARN_BOOL_CONVERSION = YES;
				CLANG_WARN_CONSTANT_CONVERSION = YES;
				CLANG_WARN_DIRECT_OBJC_ISA_USAGE = YES_ERROR;
				CLANG_WARN_EMPTY_BODY = YES;
				CLANG_WARN_ENUM_CONVERSION = YES;
				CLANG_WARN_INT_CONVERSION = YES;
				CLANG_WARN_OBJC_ROOT_CLASS = YES_ERROR;
				CLANG_WARN_UNREACHABLE_CODE = YES;
				CLANG_WARN__DUPLICATE_METHOD_MATCH = YES;
				"CODE_SIGN_IDENTITY[sdk=iphoneos*]" = "iPhone Developer";
				COPY_PHASE_STRIP = NO;
				DEBUG_INFORMATION_FORMAT = "dwarf-with-dsym";
				ENABLE_BITCODE = NO;
				ENABLE_NS_ASSERTIONS = NO;
				ENABLE_STRICT_OBJC_MSGSEND = YES;
				GCC_C_LANGUAGE_STANDARD = gnu99;
				GCC_NO_COMMON_BLOCKS = YES;
				GCC_WARN_64_TO_32_BIT_CONVERSION = YES;
				GCC_WARN_ABOUT_RETURN_TYPE = YES_ERROR;
				GCC_WARN_UNDECLARED_SELECTOR = YES;
				GCC_WARN_UNINITIALIZED_AUTOS = YES_AGGRESSIVE;
				GCC_WARN_UNUSED_FUNCTION = YES;
				GCC_WARN_UNUSED_VARIABLE = YES;
				IPHONEOS_DEPLOYMENT_TARGET = 9.2;
				MTL_ENABLE_DEBUG_INFO = NO;
				SDKROOT = iphoneos;
				TARGETED_DEVICE_FAMILY = "1,2";
				VALIDATE_PRODUCT = YES;
			};
			name = Release;
		};
		7623B8C61C67D7900090E6C8 /* Debug */ = {
			isa = XCBuildConfiguration;
			buildSettings = {
				ASSETCATALOG_COMPILER_APPICON_NAME = AppIcon;
				CODE_SIGN_IDENTITY = "iPhone Developer";
				CURRENT_PROJECT_VERSION = 7;
				ENABLE_BITCODE = NO;
				INFOPLIST_FILE = FastlaneDemo/Info.plist;
				LD_RUNPATH_SEARCH_PATHS = "$(inherited) @executable_path/Frameworks";
				PRODUCT_BUNDLE_IDENTIFIER = com.sushiGrass.FastlaneDemo;
				PRODUCT_NAME = "$(TARGET_NAME)";
				VERSIONING_SYSTEM = "apple-generic";
			};
			name = Debug;
		};
		7623B8C71C67D7900090E6C8 /* Release */ = {
			isa = XCBuildConfiguration;
			buildSettings = {
				ASSETCATALOG_COMPILER_APPICON_NAME = AppIcon;
				CODE_SIGN_IDENTITY = "iPhone Distribution";
				CURRENT_PROJECT_VERSION = 7;
				ENABLE_BITCODE = NO;
				INFOPLIST_FILE = FastlaneDemo/Info.plist;
				LD_RUNPATH_SEARCH_PATHS = "$(inherited) @executable_path/Frameworks";
				PRODUCT_BUNDLE_IDENTIFIER = com.sushiGrass.FastlaneDemo;
				PRODUCT_NAME = "$(TARGET_NAME)";
				VERSIONING_SYSTEM = "apple-generic";
			};
			name = Release;
		};
		7623B8C91C67D7900090E6C8 /* Debug */ = {
			isa = XCBuildConfiguration;
			buildSettings = {
				BUNDLE_LOADER = "$(TEST_HOST)";
				CLANG_ENABLE_MODULES = YES;
				INFOPLIST_FILE = FastlaneDemoTests/Info.plist;
				LD_RUNPATH_SEARCH_PATHS = "$(inherited) @executable_path/Frameworks @loader_path/Frameworks";
				PRODUCT_BUNDLE_IDENTIFIER = com.sushiGrass.FastlaneDemoTests;
				PRODUCT_NAME = "$(TARGET_NAME)";
				SWIFT_OBJC_BRIDGING_HEADER = "FastlaneDemoTests-Bridging-Header.h";
				SWIFT_OPTIMIZATION_LEVEL = "-Onone";
				TEST_HOST = "$(BUILT_PRODUCTS_DIR)/FastlaneDemo.app/FastlaneDemo";
			};
			name = Debug;
		};
		7623B8CA1C67D7900090E6C8 /* Release */ = {
			isa = XCBuildConfiguration;
			buildSettings = {
				BUNDLE_LOADER = "$(TEST_HOST)";
				CLANG_ENABLE_MODULES = YES;
				INFOPLIST_FILE = FastlaneDemoTests/Info.plist;
				LD_RUNPATH_SEARCH_PATHS = "$(inherited) @executable_path/Frameworks @loader_path/Frameworks";
				PRODUCT_BUNDLE_IDENTIFIER = com.sushiGrass.FastlaneDemoTests;
				PRODUCT_NAME = "$(TARGET_NAME)";
				SWIFT_OBJC_BRIDGING_HEADER = "FastlaneDemoTests-Bridging-Header.h";
				TEST_HOST = "$(BUILT_PRODUCTS_DIR)/FastlaneDemo.app/FastlaneDemo";
			};
			name = Release;
		};
		7623B8CC1C67D7900090E6C8 /* Debug */ = {
			isa = XCBuildConfiguration;
			buildSettings = {
				INFOPLIST_FILE = FastlaneDemoUITests/Info.plist;
				LD_RUNPATH_SEARCH_PATHS = "$(inherited) @executable_path/Frameworks @loader_path/Frameworks";
				PRODUCT_BUNDLE_IDENTIFIER = com.sushiGrass.FastlaneDemoUITests;
				PRODUCT_NAME = "$(TARGET_NAME)";
				TEST_TARGET_NAME = FastlaneDemo;
				USES_XCTRUNNER = YES;
			};
			name = Debug;
		};
		7623B8CD1C67D7900090E6C8 /* Release */ = {
			isa = XCBuildConfiguration;
			buildSettings = {
				INFOPLIST_FILE = FastlaneDemoUITests/Info.plist;
				LD_RUNPATH_SEARCH_PATHS = "$(inherited) @executable_path/Frameworks @loader_path/Frameworks";
				PRODUCT_BUNDLE_IDENTIFIER = com.sushiGrass.FastlaneDemoUITests;
				PRODUCT_NAME = "$(TARGET_NAME)";
				TEST_TARGET_NAME = FastlaneDemo;
				USES_XCTRUNNER = YES;
			};
			name = Release;
		};
/* End XCBuildConfiguration section */

/* Begin XCConfigurationList section */
		7623B8981C67D7900090E6C8 /* Build configuration list for PBXProject "FastlaneDemo" */ = {
			isa = XCConfigurationList;
			buildConfigurations = (
				7623B8C31C67D7900090E6C8 /* Debug */,
				7623B8C41C67D7900090E6C8 /* Release */,
			);
			defaultConfigurationIsVisible = 0;
			defaultConfigurationName = Release;
		};
		7623B8C51C67D7900090E6C8 /* Build configuration list for PBXNativeTarget "FastlaneDemo" */ = {
			isa = XCConfigurationList;
			buildConfigurations = (
				7623B8C61C67D7900090E6C8 /* Debug */,
				7623B8C71C67D7900090E6C8 /* Release */,
			);
			defaultConfigurationIsVisible = 0;
			defaultConfigurationName = Release;
		};
		7623B8C81C67D7900090E6C8 /* Build configuration list for PBXNativeTarget "FastlaneDemoTests" */ = {
			isa = XCConfigurationList;
			buildConfigurations = (
				7623B8C91C67D7900090E6C8 /* Debug */,
				7623B8CA1C67D7900090E6C8 /* Release */,
			);
			defaultConfigurationIsVisible = 0;
			defaultConfigurationName = Release;
		};
		7623B8CB1C67D7900090E6C8 /* Build configuration list for PBXNativeTarget "FastlaneDemoUITests" */ = {
			isa = XCConfigurationList;
			buildConfigurations = (
				7623B8CC1C67D7900090E6C8 /* Debug */,
				7623B8CD1C67D7900090E6C8 /* Release */,
			);
			defaultConfigurationIsVisible = 0;
			defaultConfigurationName = Release;
		};
/* End XCConfigurationList section */
	};
	rootObject = 7623B8951C67D7900090E6C8 /* Project object */;
}
